
Microsoft Visual Studio Solution File, Format Version 12.00
# Visual Studio Version 17
VisualStudioVersion = 17.4.33213.308
MinimumVisualStudioVersion = 10.0.40219.1
Project("{FAE04EC0-301F-11D3-BF4B-00C04F79EFBC}") = "Examination system", "Examination system\Examination system.csproj", "{44A17F04-AE70-46BC-A599-EF018C2E329B}"
EndProject
Global
	GlobalSection(SolutionConfigurationPlatforms) = preSolution
		Debug|Any CPU = Debug|Any CPU
		Release|Any CPU = Release|Any CPU
	EndGlobalSection
	GlobalSection(ProjectConfigurationPlatforms) = postSolution
		{44A17F04-AE70-46BC-A599-EF018C2E329B}.Debug|Any CPU.ActiveCfg = Debug|Any CPU
		{44A17F04-AE70-46BC-A599-EF018C2E329B}.Debug|Any CPU.Build.0 = Debug|Any CPU
		{44A17F04-AE70-46BC-A599-EF018C2E329B}.Release|Any CPU.ActiveCfg = Release|Any CPU
		{44A17F04-AE70-46BC-A599-EF018C2E329B}.Release|Any CPU.Build.0 = Release|Any CPU
	EndGlobalSection
	GlobalSection(SolutionProperties) = preSolution
		HideSolutionNode = FALSE
	EndGlobalSection
	GlobalSection(ExtensibilityGlobals) = postSolution
		SolutionGuid = {E9D23A28-6210-4FB4-B679-8386F8381934}
	EndGlobalSection
EndGlobal
